
Microsoft Visual Studio Solution File, Format Version 12.00
# Visual Studio Version 17
VisualStudioVersion = 17.0.31903.59
MinimumVisualStudioVersion = 10.0.40219.1
Project("{2150E333-8FDC-42A3-9474-1A3956D46DE8}") = "src", "src", "{827E0CD3-B72D-47B6-A68D-7590B98EB39B}"
EndProject
Project("{FAE04EC0-301F-11D3-BF4B-00C04F79EFBC}") = "Dsn.Contracts", "src\Dsn.Contracts\Dsn.Contracts.csproj", "{54E43165-B402-40A0-B3E4-26AA1296ECE9}"
EndProject
Project("{FAE04EC0-301F-11D3-BF4B-00C04F79EFBC}") = "Dsn.Core", "src\Dsn.Core\Dsn.Core.csproj", "{2850D1A9-A463-4E1C-BE90-C5827BC8D674}"
EndProject
Project("{FAE04EC0-301F-11D3-BF4B-00C04F79EFBC}") = "Dsn.Workspaces", "src\Dsn.Workspaces\Dsn.Workspaces.csproj", "{D8CCC1A3-CD63-452B-AF88-6A6038CD8F6F}"
EndProject
Project("{FAE04EC0-301F-11D3-BF4B-00C04F79EFBC}") = "Dsn.Host", "src\Dsn.Host\Dsn.Host.csproj", "{A0174027-BA61-43C7-BB4C-1C78A406DBFE}"
EndProject
Project("{FAE04EC0-301F-11D3-BF4B-00C04F79EFBC}") = "Dsn.Mock", "src\Dsn.Mock\Dsn.Mock.csproj", "{40408E1F-53D2-4F7D-91BE-C2354D8F7E26}"
EndProject
Project("{2150E333-8FDC-42A3-9474-1A3956D46DE8}") = "tests", "tests", "{0AB3BF05-4346-4AA6-1389-037BE0695223}"
EndProject
Project("{FAE04EC0-301F-11D3-BF4B-00C04F79EFBC}") = "Dsn.Tests", "tests\Dsn.Tests\Dsn.Tests.csproj", "{43C2BB3D-8531-4997-8BEB-C84931F8F4CD}"
EndProject
Project("{FAE04EC0-301F-11D3-BF4B-00C04F79EFBC}") = "Dsn.TestSource", "tests\Dsn.TestSource\Dsn.TestSource.csproj", "{FB970460-81AE-4990-9E13-B509BE3062DA}"
EndProject
Global
	GlobalSection(SolutionConfigurationPlatforms) = preSolution
		Debug|Any CPU = Debug|Any CPU
		Debug|x64 = Debug|x64
		Debug|x86 = Debug|x86
		Release|Any CPU = Release|Any CPU
		Release|x64 = Release|x64
		Release|x86 = Release|x86
	EndGlobalSection
	GlobalSection(ProjectConfigurationPlatforms) = postSolution
		{54E43165-B402-40A0-B3E4-26AA1296ECE9}.Debug|Any CPU.ActiveCfg = Debug|Any CPU
		{54E43165-B402-40A0-B3E4-26AA1296ECE9}.Debug|Any CPU.Build.0 = Debug|Any CPU
		{54E43165-B402-40A0-B3E4-26AA1296ECE9}.Debug|x64.ActiveCfg = Debug|Any CPU
		{54E43165-B402-40A0-B3E4-26AA1296ECE9}.Debug|x64.Build.0 = Debug|Any CPU
		{54E43165-B402-40A0-B3E4-26AA1296ECE9}.Debug|x86.ActiveCfg = Debug|Any CPU
		{54E43165-B402-40A0-B3E4-26AA1296ECE9}.Debug|x86.Build.0 = Debug|Any CPU
		{54E43165-B402-40A0-B3E4-26AA1296ECE9}.Release|Any CPU.ActiveCfg = Release|Any CPU
		{54E43165-B402-40A0-B3E4-26AA1296ECE9}.Release|Any CPU.Build.0 = Release|Any CPU
		{54E43165-B402-40A0-B3E4-26AA1296ECE9}.Release|x64.ActiveCfg = Release|Any CPU
		{54E43165-B402-40A0-B3E4-26AA1296ECE9}.Release|x64.Build.0 = Release|Any CPU
		{54E43165-B402-40A0-B3E4-26AA1296ECE9}.Release|x86.ActiveCfg = Release|Any CPU
		{54E43165-B402-40A0-B3E4-26AA1296ECE9}.Release|x86.Build.0 = Release|Any CPU
		{2850D1A9-A463-4E1C-BE90-C5827BC8D674}.Debug|Any CPU.ActiveCfg = Debug|Any CPU
		{2850D1A9-A463-4E1C-BE90-C5827BC8D674}.Debug|Any CPU.Build.0 = Debug|Any CPU
		{2850D1A9-A463-4E1C-BE90-C5827BC8D674}.Debug|x64.ActiveCfg = Debug|Any CPU
		{2850D1A9-A463-4E1C-BE90-C5827BC8D674}.Debug|x64.Build.0 = Debug|Any CPU
		{2850D1A9-A463-4E1C-BE90-C5827BC8D674}.Debug|x86.ActiveCfg = Debug|Any CPU
		{2850D1A9-A463-4E1C-BE90-C5827BC8D674}.Debug|x86.Build.0 = Debug|Any CPU
		{2850D1A9-A463-4E1C-BE90-C5827BC8D674}.Release|Any CPU.ActiveCfg = Release|Any CPU
		{2850D1A9-A463-4E1C-BE90-C5827BC8D674}.Release|Any CPU.Build.0 = Release|Any CPU
		{2850D1A9-A463-4E1C-BE90-C5827BC8D674}.Release|x64.ActiveCfg = Release|Any CPU
		{2850D1A9-A463-4E1C-BE90-C5827BC8D674}.Release|x64.Build.0 = Release|Any CPU
		{2850D1A9-A463-4E1C-BE90-C5827BC8D674}.Release|x86.ActiveCfg = Release|Any CPU
		{2850D1A9-A463-4E1C-BE90-C5827BC8D674}.Release|x86.Build.0 = Release|Any CPU
		{D8CCC1A3-CD63-452B-AF88-6A6038CD8F6F}.Debug|Any CPU.ActiveCfg = Debug|Any CPU
		{D8CCC1A3-CD63-452B-AF88-6A6038CD8F6F}.Debug|Any CPU.Build.0 = Debug|Any CPU
		{D8CCC1A3-CD63-452B-AF88-6A6038CD8F6F}.Debug|x64.ActiveCfg = Debug|Any CPU
		{D8CCC1A3-CD63-452B-AF88-6A6038CD8F6F}.Debug|x64.Build.0 = Debug|Any CPU
		{D8CCC1A3-CD63-452B-AF88-6A6038CD8F6F}.Debug|x86.ActiveCfg = Debug|Any CPU
		{D8CCC1A3-CD63-452B-AF88-6A6038CD8F6F}.Debug|x86.Build.0 = Debug|Any CPU
		{D8CCC1A3-CD63-452B-AF88-6A6038CD8F6F}.Release|Any CPU.ActiveCfg = Release|Any CPU
		{D8CCC1A3-CD63-452B-AF88-6A6038CD8F6F}.Release|Any CPU.Build.0 = Release|Any CPU
		{D8CCC1A3-CD63-452B-AF88-6A6038CD8F6F}.Release|x64.ActiveCfg = Release|Any CPU
		{D8CCC1A3-CD63-452B-AF88-6A6038CD8F6F}.Release|x64.Build.0 = Release|Any CPU
		{D8CCC1A3-CD63-452B-AF88-6A6038CD8F6F}.Release|x86.ActiveCfg = Release|Any CPU
		{D8CCC1A3-CD63-452B-AF88-6A6038CD8F6F}.Release|x86.Build.0 = Release|Any CPU
		{A0174027-BA61-43C7-BB4C-1C78A406DBFE}.Debug|Any CPU.ActiveCfg = Debug|Any CPU
		{A0174027-BA61-43C7-BB4C-1C78A406DBFE}.Debug|Any CPU.Build.0 = Debug|Any CPU
		{A0174027-BA61-43C7-BB4C-1C78A406DBFE}.Debug|x64.ActiveCfg = Debug|Any CPU
		{A0174027-BA61-43C7-BB4C-1C78A406DBFE}.Debug|x64.Build.0 = Debug|Any CPU
		{A0174027-BA61-43C7-BB4C-1C78A406DBFE}.Debug|x86.ActiveCfg = Debug|Any CPU
		{A0174027-BA61-43C7-BB4C-1C78A406DBFE}.Debug|x86.Build.0 = Debug|Any CPU
		{A0174027-BA61-43C7-BB4C-1C78A406DBFE}.Release|Any CPU.ActiveCfg = Release|Any CPU
		{A0174027-BA61-43C7-BB4C-1C78A406DBFE}.Release|Any CPU.Build.0 = Release|Any CPU
		{A0174027-BA61-43C7-BB4C-1C78A406DBFE}.Release|x64.ActiveCfg = Release|Any CPU
		{A0174027-BA61-43C7-BB4C-1C78A406DBFE}.Release|x64.Build.0 = Release|Any CPU
		{A0174027-BA61-43C7-BB4C-1C78A406DBFE}.Release|x86.ActiveCfg = Release|Any CPU
		{A0174027-BA61-43C7-BB4C-1C78A406DBFE}.Release|x86.Build.0 = Release|Any CPU
		{40408E1F-53D2-4F7D-91BE-C2354D8F7E26}.Debug|Any CPU.ActiveCfg = Debug|Any CPU
		{40408E1F-53D2-4F7D-91BE-C2354D8F7E26}.Debug|Any CPU.Build.0 = Debug|Any CPU
		{40408E1F-53D2-4F7D-91BE-C2354D8F7E26}.Debug|x64.ActiveCfg = Debug|Any CPU
		{40408E1F-53D2-4F7D-91BE-C2354D8F7E26}.Debug|x64.Build.0 = Debug|Any CPU
		{40408E1F-53D2-4F7D-91BE-C2354D8F7E26}.Debug|x86.ActiveCfg = Debug|Any CPU
		{40408E1F-53D2-4F7D-91BE-C2354D8F7E26}.Debug|x86.Build.0 = Debug|Any CPU
		{40408E1F-53D2-4F7D-91BE-C2354D8F7E26}.Release|Any CPU.ActiveCfg = Release|Any CPU
		{40408E1F-53D2-4F7D-91BE-C2354D8F7E26}.Release|Any CPU.Build.0 = Release|Any CPU
		{40408E1F-53D2-4F7D-91BE-C2354D8F7E26}.Release|x64.ActiveCfg = Release|Any CPU
		{40408E1F-53D2-4F7D-91BE-C2354D8F7E26}.Release|x64.Build.0 = Release|Any CPU
		{40408E1F-53D2-4F7D-91BE-C2354D8F7E26}.Release|x86.ActiveCfg = Release|Any CPU
		{40408E1F-53D2-4F7D-91BE-C2354D8F7E26}.Release|x86.Build.0 = Release|Any CPU
		{43C2BB3D-8531-4997-8BEB-C84931F8F4CD}.Debug|Any CPU.ActiveCfg = Debug|Any CPU
		{43C2BB3D-8531-4997-8BEB-C84931F8F4CD}.Debug|Any CPU.Build.0 = Debug|Any CPU
		{43C2BB3D-8531-4997-8BEB-C84931F8F4CD}.Debug|x64.ActiveCfg = Debug|Any CPU
		{43C2BB3D-8531-4997-8BEB-C84931F8F4CD}.Debug|x64.Build.0 = Debug|Any CPU
		{43C2BB3D-8531-4997-8BEB-C84931F8F4CD}.Debug|x86.ActiveCfg = Debug|Any CPU
		{43C2BB3D-8531-4997-8BEB-C84931F8F4CD}.Debug|x86.Build.0 = Debug|Any CPU
		{43C2BB3D-8531-4997-8BEB-C84931F8F4CD}.Release|Any CPU.ActiveCfg = Release|Any CPU
		{43C2BB3D-8531-4997-8BEB-C84931F8F4CD}.Release|Any CPU.Build.0 = Release|Any CPU
		{43C2BB3D-8531-4997-8BEB-C84931F8F4CD}.Release|x64.ActiveCfg = Release|Any CPU
		{43C2BB3D-8531-4997-8BEB-C84931F8F4CD}.Release|x64.Build.0 = Release|Any CPU
		{43C2BB3D-8531-4997-8BEB-C84931F8F4CD}.Release|x86.ActiveCfg = Release|Any CPU
		{43C2BB3D-8531-4997-8BEB-C84931F8F4CD}.Release|x86.Build.0 = Release|Any CPU
		{FB970460-81AE-4990-9E13-B509BE3062DA}.Debug|Any CPU.ActiveCfg = Debug|Any CPU
		{FB970460-81AE-4990-9E13-B509BE3062DA}.Debug|Any CPU.Build.0 = Debug|Any CPU
		{FB970460-81AE-4990-9E13-B509BE3062DA}.Debug|x64.ActiveCfg = Debug|Any CPU
		{FB970460-81AE-4990-9E13-B509BE3062DA}.Debug|x64.Build.0 = Debug|Any CPU
		{FB970460-81AE-4990-9E13-B509BE3062DA}.Debug|x86.ActiveCfg = Debug|Any CPU
		{FB970460-81AE-4990-9E13-B509BE3062DA}.Debug|x86.Build.0 = Debug|Any CPU
		{FB970460-81AE-4990-9E13-B509BE3062DA}.Release|Any CPU.ActiveCfg = Release|Any CPU
		{FB970460-81AE-4990-9E13-B509BE3062DA}.Release|Any CPU.Build.0 = Release|Any CPU
		{FB970460-81AE-4990-9E13-B509BE3062DA}.Release|x64.ActiveCfg = Release|Any CPU
		{FB970460-81AE-4990-9E13-B509BE3062DA}.Release|x64.Build.0 = Release|Any CPU
		{FB970460-81AE-4990-9E13-B509BE3062DA}.Release|x86.ActiveCfg = Release|Any CPU
		{FB970460-81AE-4990-9E13-B509BE3062DA}.Release|x86.Build.0 = Release|Any CPU
	EndGlobalSection
	GlobalSection(SolutionProperties) = preSolution
		HideSolutionNode = FALSE
	EndGlobalSection
	GlobalSection(NestedProjects) = preSolution
		{54E43165-B402-40A0-B3E4-26AA1296ECE9} = {827E0CD3-B72D-47B6-A68D-7590B98EB39B}
		{2850D1A9-A463-4E1C-BE90-C5827BC8D674} = {827E0CD3-B72D-47B6-A68D-7590B98EB39B}
		{D8CCC1A3-CD63-452B-AF88-6A6038CD8F6F} = {827E0CD3-B72D-47B6-A68D-7590B98EB39B}
		{A0174027-BA61-43C7-BB4C-1C78A406DBFE} = {827E0CD3-B72D-47B6-A68D-7590B98EB39B}
		{40408E1F-53D2-4F7D-91BE-C2354D8F7E26} = {827E0CD3-B72D-47B6-A68D-7590B98EB39B}
		{43C2BB3D-8531-4997-8BEB-C84931F8F4CD} = {0AB3BF05-4346-4AA6-1389-037BE0695223}
		{FB970460-81AE-4990-9E13-B509BE3062DA} = {0AB3BF05-4346-4AA6-1389-037BE0695223}
	EndGlobalSection
EndGlobal
