
Microsoft Visual Studio Solution File, Format Version 12.00
# Visual Studio Version 17
VisualStudioVersion = 17.0.31903.59
MinimumVisualStudioVersion = 10.0.40219.1
Project("{2150E333-8FDC-42A3-9474-1A3956D46DE8}") = "src", "src", "{827E0CD3-B72D-47B6-A68D-7590B98EB39B}"
EndProject
Project("{FAE04EC0-301F-11D3-BF4B-00C04F79EFBC}") = "Dsn.Contracts", "src\Dsn.Contracts\Dsn.Contracts.csproj", "{54E43165-B402-40A0-B3E4-26AA1296ECE9}"
EndProject
Project("{FAE04EC0-301F-11D3-BF4B-00C04F79EFBC}") = "Dsn.Host", "src\Dsn.Host\Dsn.Host.csproj", "{A0174027-BA61-43C7-BB4C-1C78A406DBFE}"
EndProject
Project("{FAE04EC0-301F-11D3-BF4B-00C04F79EFBC}") = "Dsn.Mock", "src\Dsn.Mock\Dsn.Mock.csproj", "{40408E1F-53D2-4F7D-91BE-C2354D8F7E26}"
EndProject
Project("{2150E333-8FDC-42A3-9474-1A3956D46DE8}") = "tests", "tests", "{0AB3BF05-4346-4AA6-1389-037BE0695223}"
EndProject
Project("{FAE04EC0-301F-11D3-BF4B-00C04F79EFBC}") = "Dsn.TestSource", "tests\Dsn.TestSource\Dsn.TestSource.csproj", "{FB970460-81AE-4990-9E13-B509BE3062DA}"
EndProject
Project("{FAE04EC0-301F-11D3-BF4B-00C04F79EFBC}") = "Dsn.Runtime", "src\Dsn.Runtime\Dsn.Runtime.csproj", "{0530FE63-7EDC-46AE-B35A-D516E2E32F27}"
EndProject
Project("{FAE04EC0-301F-11D3-BF4B-00C04F79EFBC}") = "Dsn.Ingress", "src\Dsn.Ingress\Dsn.Ingress.csproj", "{FD4ECF7C-5DCD-4039-9144-7283F166E2E4}"
EndProject
Project("{FAE04EC0-301F-11D3-BF4B-00C04F79EFBC}") = "Dsn.Persistence", "src\Dsn.Persistence\Dsn.Persistence.csproj", "{EAAA8AED-666B-47C9-AB69-A1582325178E}"
EndProject
Project("{FAE04EC0-301F-11D3-BF4B-00C04F79EFBC}") = "Dsn.Diagnostics", "src\Dsn.Diagnostics\Dsn.Diagnostics.csproj", "{39B50EBF-1399-49FB-A904-434EC20C83F8}"
EndProject
Project("{FAE04EC0-301F-11D3-BF4B-00C04F79EFBC}") = "Dsn.View", "src\Dsn.View\Dsn.View.csproj", "{FB46A46C-AF16-4D9D-816D-BFF05A9EAAB0}"
EndProject
Project("{2150E333-8FDC-42A3-9474-1A3956D46DE8}") = "samples", "samples", "{5D20AA90-6969-D8BD-9DCD-8634F4692FDA}"
EndProject
Project("{FAE04EC0-301F-11D3-BF4B-00C04F79EFBC}") = "Dsn.Workspaces.Examples", "samples\Dsn.Workspaces.Examples\Dsn.Workspaces.Examples.csproj", "{21F49D92-1B7A-47B6-84AB-0F4B7604A39B}"
EndProject
Project("{FAE04EC0-301F-11D3-BF4B-00C04F79EFBC}") = "Dsn.UnitTests", "tests\Dsn.UnitTests\Dsn.UnitTests.csproj", "{66639E67-4CAD-4A71-95AE-4BF9F225A067}"
EndProject
Project("{FAE04EC0-301F-11D3-BF4B-00C04F79EFBC}") = "Dsn.IntegrationTests", "tests\Dsn.IntegrationTests\Dsn.IntegrationTests.csproj", "{348F3BBF-F929-43F7-BB4B-8EC44A077E7A}"
EndProject
Project("{FAE04EC0-301F-11D3-BF4B-00C04F79EFBC}") = "Dsn.Workspaces.Temperature", "samples\temperature\Dsn.Workspaces.Temperature\Dsn.Workspaces.Temperature.csproj", "{B96B5082-24B4-4785-A02E-2A8A58CE5459}"
EndProject
Global
	GlobalSection(SolutionConfigurationPlatforms) = preSolution
		Debug|Any CPU = Debug|Any CPU
		Debug|x64 = Debug|x64
		Debug|x86 = Debug|x86
		Release|Any CPU = Release|Any CPU
		Release|x64 = Release|x64
		Release|x86 = Release|x86
	EndGlobalSection
	GlobalSection(ProjectConfigurationPlatforms) = postSolution
		{54E43165-B402-40A0-B3E4-26AA1296ECE9}.Debug|Any CPU.ActiveCfg = Debug|Any CPU
		{54E43165-B402-40A0-B3E4-26AA1296ECE9}.Debug|Any CPU.Build.0 = Debug|Any CPU
		{54E43165-B402-40A0-B3E4-26AA1296ECE9}.Debug|x64.ActiveCfg = Debug|Any CPU
		{54E43165-B402-40A0-B3E4-26AA1296ECE9}.Debug|x64.Build.0 = Debug|Any CPU
		{54E43165-B402-40A0-B3E4-26AA1296ECE9}.Debug|x86.ActiveCfg = Debug|Any CPU
		{54E43165-B402-40A0-B3E4-26AA1296ECE9}.Debug|x86.Build.0 = Debug|Any CPU
		{54E43165-B402-40A0-B3E4-26AA1296ECE9}.Release|Any CPU.ActiveCfg = Release|Any CPU
		{54E43165-B402-40A0-B3E4-26AA1296ECE9}.Release|Any CPU.Build.0 = Release|Any CPU
		{54E43165-B402-40A0-B3E4-26AA1296ECE9}.Release|x64.ActiveCfg = Release|Any CPU
		{54E43165-B402-40A0-B3E4-26AA1296ECE9}.Release|x64.Build.0 = Release|Any CPU
		{54E43165-B402-40A0-B3E4-26AA1296ECE9}.Release|x86.ActiveCfg = Release|Any CPU
		{54E43165-B402-40A0-B3E4-26AA1296ECE9}.Release|x86.Build.0 = Release|Any CPU
		{A0174027-BA61-43C7-BB4C-1C78A406DBFE}.Debug|Any CPU.ActiveCfg = Debug|Any CPU
		{A0174027-BA61-43C7-BB4C-1C78A406DBFE}.Debug|Any CPU.Build.0 = Debug|Any CPU
		{A0174027-BA61-43C7-BB4C-1C78A406DBFE}.Debug|x64.ActiveCfg = Debug|Any CPU
		{A0174027-BA61-43C7-BB4C-1C78A406DBFE}.Debug|x64.Build.0 = Debug|Any CPU
		{A0174027-BA61-43C7-BB4C-1C78A406DBFE}.Debug|x86.ActiveCfg = Debug|Any CPU
		{A0174027-BA61-43C7-BB4C-1C78A406DBFE}.Debug|x86.Build.0 = Debug|Any CPU
		{A0174027-BA61-43C7-BB4C-1C78A406DBFE}.Release|Any CPU.ActiveCfg = Release|Any CPU
		{A0174027-BA61-43C7-BB4C-1C78A406DBFE}.Release|Any CPU.Build.0 = Release|Any CPU
		{A0174027-BA61-43C7-BB4C-1C78A406DBFE}.Release|x64.ActiveCfg = Release|Any CPU
		{A0174027-BA61-43C7-BB4C-1C78A406DBFE}.Release|x64.Build.0 = Release|Any CPU
		{A0174027-BA61-43C7-BB4C-1C78A406DBFE}.Release|x86.ActiveCfg = Release|Any CPU
		{A0174027-BA61-43C7-BB4C-1C78A406DBFE}.Release|x86.Build.0 = Release|Any CPU
		{40408E1F-53D2-4F7D-91BE-C2354D8F7E26}.Debug|Any CPU.ActiveCfg = Debug|Any CPU
		{40408E1F-53D2-4F7D-91BE-C2354D8F7E26}.Debug|Any CPU.Build.0 = Debug|Any CPU
		{40408E1F-53D2-4F7D-91BE-C2354D8F7E26}.Debug|x64.ActiveCfg = Debug|Any CPU
		{40408E1F-53D2-4F7D-91BE-C2354D8F7E26}.Debug|x64.Build.0 = Debug|Any CPU
		{40408E1F-53D2-4F7D-91BE-C2354D8F7E26}.Debug|x86.ActiveCfg = Debug|Any CPU
		{40408E1F-53D2-4F7D-91BE-C2354D8F7E26}.Debug|x86.Build.0 = Debug|Any CPU
		{40408E1F-53D2-4F7D-91BE-C2354D8F7E26}.Release|Any CPU.ActiveCfg = Release|Any CPU
		{40408E1F-53D2-4F7D-91BE-C2354D8F7E26}.Release|Any CPU.Build.0 = Release|Any CPU
		{40408E1F-53D2-4F7D-91BE-C2354D8F7E26}.Release|x64.ActiveCfg = Release|Any CPU
		{40408E1F-53D2-4F7D-91BE-C2354D8F7E26}.Release|x64.Build.0 = Release|Any CPU
		{40408E1F-53D2-4F7D-91BE-C2354D8F7E26}.Release|x86.ActiveCfg = Release|Any CPU
		{40408E1F-53D2-4F7D-91BE-C2354D8F7E26}.Release|x86.Build.0 = Release|Any CPU
		{FB970460-81AE-4990-9E13-B509BE3062DA}.Debug|Any CPU.ActiveCfg = Debug|Any CPU
		{FB970460-81AE-4990-9E13-B509BE3062DA}.Debug|Any CPU.Build.0 = Debug|Any CPU
		{FB970460-81AE-4990-9E13-B509BE3062DA}.Debug|x64.ActiveCfg = Debug|Any CPU
		{FB970460-81AE-4990-9E13-B509BE3062DA}.Debug|x64.Build.0 = Debug|Any CPU
		{FB970460-81AE-4990-9E13-B509BE3062DA}.Debug|x86.ActiveCfg = Debug|Any CPU
		{FB970460-81AE-4990-9E13-B509BE3062DA}.Debug|x86.Build.0 = Debug|Any CPU
		{FB970460-81AE-4990-9E13-B509BE3062DA}.Release|Any CPU.ActiveCfg = Release|Any CPU
		{FB970460-81AE-4990-9E13-B509BE3062DA}.Release|Any CPU.Build.0 = Release|Any CPU
		{FB970460-81AE-4990-9E13-B509BE3062DA}.Release|x64.ActiveCfg = Release|Any CPU
		{FB970460-81AE-4990-9E13-B509BE3062DA}.Release|x64.Build.0 = Release|Any CPU
		{FB970460-81AE-4990-9E13-B509BE3062DA}.Release|x86.ActiveCfg = Release|Any CPU
		{FB970460-81AE-4990-9E13-B509BE3062DA}.Release|x86.Build.0 = Release|Any CPU
		{0530FE63-7EDC-46AE-B35A-D516E2E32F27}.Debug|Any CPU.ActiveCfg = Debug|Any CPU
		{0530FE63-7EDC-46AE-B35A-D516E2E32F27}.Debug|Any CPU.Build.0 = Debug|Any CPU
		{0530FE63-7EDC-46AE-B35A-D516E2E32F27}.Debug|x64.ActiveCfg = Debug|Any CPU
		{0530FE63-7EDC-46AE-B35A-D516E2E32F27}.Debug|x64.Build.0 = Debug|Any CPU
		{0530FE63-7EDC-46AE-B35A-D516E2E32F27}.Debug|x86.ActiveCfg = Debug|Any CPU
		{0530FE63-7EDC-46AE-B35A-D516E2E32F27}.Debug|x86.Build.0 = Debug|Any CPU
		{0530FE63-7EDC-46AE-B35A-D516E2E32F27}.Release|Any CPU.ActiveCfg = Release|Any CPU
		{0530FE63-7EDC-46AE-B35A-D516E2E32F27}.Release|Any CPU.Build.0 = Release|Any CPU
		{0530FE63-7EDC-46AE-B35A-D516E2E32F27}.Release|x64.ActiveCfg = Release|Any CPU
		{0530FE63-7EDC-46AE-B35A-D516E2E32F27}.Release|x64.Build.0 = Release|Any CPU
		{0530FE63-7EDC-46AE-B35A-D516E2E32F27}.Release|x86.ActiveCfg = Release|Any CPU
		{0530FE63-7EDC-46AE-B35A-D516E2E32F27}.Release|x86.Build.0 = Release|Any CPU
		{FD4ECF7C-5DCD-4039-9144-7283F166E2E4}.Debug|Any CPU.ActiveCfg = Debug|Any CPU
		{FD4ECF7C-5DCD-4039-9144-7283F166E2E4}.Debug|Any CPU.Build.0 = Debug|Any CPU
		{FD4ECF7C-5DCD-4039-9144-7283F166E2E4}.Debug|x64.ActiveCfg = Debug|Any CPU
		{FD4ECF7C-5DCD-4039-9144-7283F166E2E4}.Debug|x64.Build.0 = Debug|Any CPU
		{FD4ECF7C-5DCD-4039-9144-7283F166E2E4}.Debug|x86.ActiveCfg = Debug|Any CPU
		{FD4ECF7C-5DCD-4039-9144-7283F166E2E4}.Debug|x86.Build.0 = Debug|Any CPU
		{FD4ECF7C-5DCD-4039-9144-7283F166E2E4}.Release|Any CPU.ActiveCfg = Release|Any CPU
		{FD4ECF7C-5DCD-4039-9144-7283F166E2E4}.Release|Any CPU.Build.0 = Release|Any CPU
		{FD4ECF7C-5DCD-4039-9144-7283F166E2E4}.Release|x64.ActiveCfg = Release|Any CPU
		{FD4ECF7C-5DCD-4039-9144-7283F166E2E4}.Release|x64.Build.0 = Release|Any CPU
		{FD4ECF7C-5DCD-4039-9144-7283F166E2E4}.Release|x86.ActiveCfg = Release|Any CPU
		{FD4ECF7C-5DCD-4039-9144-7283F166E2E4}.Release|x86.Build.0 = Release|Any CPU
		{EAAA8AED-666B-47C9-AB69-A1582325178E}.Debug|Any CPU.ActiveCfg = Debug|Any CPU
		{EAAA8AED-666B-47C9-AB69-A1582325178E}.Debug|Any CPU.Build.0 = Debug|Any CPU
		{EAAA8AED-666B-47C9-AB69-A1582325178E}.Debug|x64.ActiveCfg = Debug|Any CPU
		{EAAA8AED-666B-47C9-AB69-A1582325178E}.Debug|x64.Build.0 = Debug|Any CPU
		{EAAA8AED-666B-47C9-AB69-A1582325178E}.Debug|x86.ActiveCfg = Debug|Any CPU
		{EAAA8AED-666B-47C9-AB69-A1582325178E}.Debug|x86.Build.0 = Debug|Any CPU
		{EAAA8AED-666B-47C9-AB69-A1582325178E}.Release|Any CPU.ActiveCfg = Release|Any CPU
		{EAAA8AED-666B-47C9-AB69-A1582325178E}.Release|Any CPU.Build.0 = Release|Any CPU
		{EAAA8AED-666B-47C9-AB69-A1582325178E}.Release|x64.ActiveCfg = Release|Any CPU
		{EAAA8AED-666B-47C9-AB69-A1582325178E}.Release|x64.Build.0 = Release|Any CPU
		{EAAA8AED-666B-47C9-AB69-A1582325178E}.Release|x86.ActiveCfg = Release|Any CPU
		{EAAA8AED-666B-47C9-AB69-A1582325178E}.Release|x86.Build.0 = Release|Any CPU
		{39B50EBF-1399-49FB-A904-434EC20C83F8}.Debug|Any CPU.ActiveCfg = Debug|Any CPU
		{39B50EBF-1399-49FB-A904-434EC20C83F8}.Debug|Any CPU.Build.0 = Debug|Any CPU
		{39B50EBF-1399-49FB-A904-434EC20C83F8}.Debug|x64.ActiveCfg = Debug|Any CPU
		{39B50EBF-1399-49FB-A904-434EC20C83F8}.Debug|x64.Build.0 = Debug|Any CPU
		{39B50EBF-1399-49FB-A904-434EC20C83F8}.Debug|x86.ActiveCfg = Debug|Any CPU
		{39B50EBF-1399-49FB-A904-434EC20C83F8}.Debug|x86.Build.0 = Debug|Any CPU
		{39B50EBF-1399-49FB-A904-434EC20C83F8}.Release|Any CPU.ActiveCfg = Release|Any CPU
		{39B50EBF-1399-49FB-A904-434EC20C83F8}.Release|Any CPU.Build.0 = Release|Any CPU
		{39B50EBF-1399-49FB-A904-434EC20C83F8}.Release|x64.ActiveCfg = Release|Any CPU
		{39B50EBF-1399-49FB-A904-434EC20C83F8}.Release|x64.Build.0 = Release|Any CPU
		{39B50EBF-1399-49FB-A904-434EC20C83F8}.Release|x86.ActiveCfg = Release|Any CPU
		{39B50EBF-1399-49FB-A904-434EC20C83F8}.Release|x86.Build.0 = Release|Any CPU
		{FB46A46C-AF16-4D9D-816D-BFF05A9EAAB0}.Debug|Any CPU.ActiveCfg = Debug|Any CPU
		{FB46A46C-AF16-4D9D-816D-BFF05A9EAAB0}.Debug|Any CPU.Build.0 = Debug|Any CPU
		{FB46A46C-AF16-4D9D-816D-BFF05A9EAAB0}.Debug|x64.ActiveCfg = Debug|Any CPU
		{FB46A46C-AF16-4D9D-816D-BFF05A9EAAB0}.Debug|x64.Build.0 = Debug|Any CPU
		{FB46A46C-AF16-4D9D-816D-BFF05A9EAAB0}.Debug|x86.ActiveCfg = Debug|Any CPU
		{FB46A46C-AF16-4D9D-816D-BFF05A9EAAB0}.Debug|x86.Build.0 = Debug|Any CPU
		{FB46A46C-AF16-4D9D-816D-BFF05A9EAAB0}.Release|Any CPU.ActiveCfg = Release|Any CPU
		{FB46A46C-AF16-4D9D-816D-BFF05A9EAAB0}.Release|Any CPU.Build.0 = Release|Any CPU
		{FB46A46C-AF16-4D9D-816D-BFF05A9EAAB0}.Release|x64.ActiveCfg = Release|Any CPU
		{FB46A46C-AF16-4D9D-816D-BFF05A9EAAB0}.Release|x64.Build.0 = Release|Any CPU
		{FB46A46C-AF16-4D9D-816D-BFF05A9EAAB0}.Release|x86.ActiveCfg = Release|Any CPU
		{FB46A46C-AF16-4D9D-816D-BFF05A9EAAB0}.Release|x86.Build.0 = Release|Any CPU
		{21F49D92-1B7A-47B6-84AB-0F4B7604A39B}.Debug|Any CPU.ActiveCfg = Debug|Any CPU
		{21F49D92-1B7A-47B6-84AB-0F4B7604A39B}.Debug|Any CPU.Build.0 = Debug|Any CPU
		{21F49D92-1B7A-47B6-84AB-0F4B7604A39B}.Debug|x64.ActiveCfg = Debug|Any CPU
		{21F49D92-1B7A-47B6-84AB-0F4B7604A39B}.Debug|x64.Build.0 = Debug|Any CPU
		{21F49D92-1B7A-47B6-84AB-0F4B7604A39B}.Debug|x86.ActiveCfg = Debug|Any CPU
		{21F49D92-1B7A-47B6-84AB-0F4B7604A39B}.Debug|x86.Build.0 = Debug|Any CPU
		{21F49D92-1B7A-47B6-84AB-0F4B7604A39B}.Release|Any CPU.ActiveCfg = Release|Any CPU
		{21F49D92-1B7A-47B6-84AB-0F4B7604A39B}.Release|Any CPU.Build.0 = Release|Any CPU
		{21F49D92-1B7A-47B6-84AB-0F4B7604A39B}.Release|x64.ActiveCfg = Release|Any CPU
		{21F49D92-1B7A-47B6-84AB-0F4B7604A39B}.Release|x64.Build.0 = Release|Any CPU
		{21F49D92-1B7A-47B6-84AB-0F4B7604A39B}.Release|x86.ActiveCfg = Release|Any CPU
		{21F49D92-1B7A-47B6-84AB-0F4B7604A39B}.Release|x86.Build.0 = Release|Any CPU
		{66639E67-4CAD-4A71-95AE-4BF9F225A067}.Debug|Any CPU.ActiveCfg = Debug|Any CPU
		{66639E67-4CAD-4A71-95AE-4BF9F225A067}.Debug|Any CPU.Build.0 = Debug|Any CPU
		{66639E67-4CAD-4A71-95AE-4BF9F225A067}.Debug|x64.ActiveCfg = Debug|Any CPU
		{66639E67-4CAD-4A71-95AE-4BF9F225A067}.Debug|x64.Build.0 = Debug|Any CPU
		{66639E67-4CAD-4A71-95AE-4BF9F225A067}.Debug|x86.ActiveCfg = Debug|Any CPU
		{66639E67-4CAD-4A71-95AE-4BF9F225A067}.Debug|x86.Build.0 = Debug|Any CPU
		{66639E67-4CAD-4A71-95AE-4BF9F225A067}.Release|Any CPU.ActiveCfg = Release|Any CPU
		{66639E67-4CAD-4A71-95AE-4BF9F225A067}.Release|Any CPU.Build.0 = Release|Any CPU
		{66639E67-4CAD-4A71-95AE-4BF9F225A067}.Release|x64.ActiveCfg = Release|Any CPU
		{66639E67-4CAD-4A71-95AE-4BF9F225A067}.Release|x64.Build.0 = Release|Any CPU
		{66639E67-4CAD-4A71-95AE-4BF9F225A067}.Release|x86.ActiveCfg = Release|Any CPU
		{66639E67-4CAD-4A71-95AE-4BF9F225A067}.Release|x86.Build.0 = Release|Any CPU
		{348F3BBF-F929-43F7-BB4B-8EC44A077E7A}.Debug|Any CPU.ActiveCfg = Debug|Any CPU
		{348F3BBF-F929-43F7-BB4B-8EC44A077E7A}.Debug|Any CPU.Build.0 = Debug|Any CPU
		{348F3BBF-F929-43F7-BB4B-8EC44A077E7A}.Debug|x64.ActiveCfg = Debug|Any CPU
		{348F3BBF-F929-43F7-BB4B-8EC44A077E7A}.Debug|x64.Build.0 = Debug|Any CPU
		{348F3BBF-F929-43F7-BB4B-8EC44A077E7A}.Debug|x86.ActiveCfg = Debug|Any CPU
		{348F3BBF-F929-43F7-BB4B-8EC44A077E7A}.Debug|x86.Build.0 = Debug|Any CPU
		{348F3BBF-F929-43F7-BB4B-8EC44A077E7A}.Release|Any CPU.ActiveCfg = Release|Any CPU
		{348F3BBF-F929-43F7-BB4B-8EC44A077E7A}.Release|Any CPU.Build.0 = Release|Any CPU
		{348F3BBF-F929-43F7-BB4B-8EC44A077E7A}.Release|x64.ActiveCfg = Release|Any CPU
		{348F3BBF-F929-43F7-BB4B-8EC44A077E7A}.Release|x64.Build.0 = Release|Any CPU
		{348F3BBF-F929-43F7-BB4B-8EC44A077E7A}.Release|x86.ActiveCfg = Release|Any CPU
		{348F3BBF-F929-43F7-BB4B-8EC44A077E7A}.Release|x86.Build.0 = Release|Any CPU
		{B96B5082-24B4-4785-A02E-2A8A58CE5459}.Debug|Any CPU.ActiveCfg = Debug|Any CPU
		{B96B5082-24B4-4785-A02E-2A8A58CE5459}.Debug|Any CPU.Build.0 = Debug|Any CPU
		{B96B5082-24B4-4785-A02E-2A8A58CE5459}.Debug|x64.ActiveCfg = Debug|Any CPU
		{B96B5082-24B4-4785-A02E-2A8A58CE5459}.Debug|x64.Build.0 = Debug|Any CPU
		{B96B5082-24B4-4785-A02E-2A8A58CE5459}.Debug|x86.ActiveCfg = Debug|Any CPU
		{B96B5082-24B4-4785-A02E-2A8A58CE5459}.Debug|x86.Build.0 = Debug|Any CPU
		{B96B5082-24B4-4785-A02E-2A8A58CE5459}.Release|Any CPU.ActiveCfg = Release|Any CPU
		{B96B5082-24B4-4785-A02E-2A8A58CE5459}.Release|Any CPU.Build.0 = Release|Any CPU
		{B96B5082-24B4-4785-A02E-2A8A58CE5459}.Release|x64.ActiveCfg = Release|Any CPU
		{B96B5082-24B4-4785-A02E-2A8A58CE5459}.Release|x64.Build.0 = Release|Any CPU
		{B96B5082-24B4-4785-A02E-2A8A58CE5459}.Release|x86.ActiveCfg = Release|Any CPU
		{B96B5082-24B4-4785-A02E-2A8A58CE5459}.Release|x86.Build.0 = Release|Any CPU
	EndGlobalSection
	GlobalSection(SolutionProperties) = preSolution
		HideSolutionNode = FALSE
	EndGlobalSection
	GlobalSection(NestedProjects) = preSolution
		{54E43165-B402-40A0-B3E4-26AA1296ECE9} = {827E0CD3-B72D-47B6-A68D-7590B98EB39B}
		{A0174027-BA61-43C7-BB4C-1C78A406DBFE} = {827E0CD3-B72D-47B6-A68D-7590B98EB39B}
		{40408E1F-53D2-4F7D-91BE-C2354D8F7E26} = {827E0CD3-B72D-47B6-A68D-7590B98EB39B}
		{FB970460-81AE-4990-9E13-B509BE3062DA} = {0AB3BF05-4346-4AA6-1389-037BE0695223}
		{0530FE63-7EDC-46AE-B35A-D516E2E32F27} = {827E0CD3-B72D-47B6-A68D-7590B98EB39B}
		{FD4ECF7C-5DCD-4039-9144-7283F166E2E4} = {827E0CD3-B72D-47B6-A68D-7590B98EB39B}
		{EAAA8AED-666B-47C9-AB69-A1582325178E} = {827E0CD3-B72D-47B6-A68D-7590B98EB39B}
		{39B50EBF-1399-49FB-A904-434EC20C83F8} = {827E0CD3-B72D-47B6-A68D-7590B98EB39B}
		{FB46A46C-AF16-4D9D-816D-BFF05A9EAAB0} = {827E0CD3-B72D-47B6-A68D-7590B98EB39B}
		{21F49D92-1B7A-47B6-84AB-0F4B7604A39B} = {5D20AA90-6969-D8BD-9DCD-8634F4692FDA}
		{66639E67-4CAD-4A71-95AE-4BF9F225A067} = {0AB3BF05-4346-4AA6-1389-037BE0695223}
		{348F3BBF-F929-43F7-BB4B-8EC44A077E7A} = {0AB3BF05-4346-4AA6-1389-037BE0695223}
		{B96B5082-24B4-4785-A02E-2A8A58CE5459} = {5D20AA90-6969-D8BD-9DCD-8634F4692FDA}
	EndGlobalSection
EndGlobal
